
Microsoft Visual Studio Solution File, Format Version 12.00
# Visual Studio Version 16
VisualStudioVersion = 16.0.31515.178
MinimumVisualStudioVersion = 10.0.40219.1
Project("{9A19103F-16F7-4668-BE54-9A1E7A4F7556}") = "QuanLiPhongKham", "QuanLiPhongKham\QuanLiPhongKham.csproj", "{65260448-3FED-4F31-A44C-50ECEE45E314}"
EndProject
Project("{9A19103F-16F7-4668-BE54-9A1E7A4F7556}") = "DTO", "DTO\DTO.csproj", "{E5A06B08-3981-4684-8691-8804564B7BF2}"
EndProject
Project("{9A19103F-16F7-4668-BE54-9A1E7A4F7556}") = "BUS", "BUS\BUS.csproj", "{67DB4A04-8CAD-4681-8EA0-B8D3BA1CA5EB}"
EndProject
Global
	GlobalSection(SolutionConfigurationPlatforms) = preSolution
		Debug|Any CPU = Debug|Any CPU
		Release|Any CPU = Release|Any CPU
	EndGlobalSection
	GlobalSection(ProjectConfigurationPlatforms) = postSolution
		{65260448-3FED-4F31-A44C-50ECEE45E314}.Debug|Any CPU.ActiveCfg = Debug|Any CPU
		{65260448-3FED-4F31-A44C-50ECEE45E314}.Debug|Any CPU.Build.0 = Debug|Any CPU
		{65260448-3FED-4F31-A44C-50ECEE45E314}.Release|Any CPU.ActiveCfg = Release|Any CPU
		{65260448-3FED-4F31-A44C-50ECEE45E314}.Release|Any CPU.Build.0 = Release|Any CPU
		{E5A06B08-3981-4684-8691-8804564B7BF2}.Debug|Any CPU.ActiveCfg = Debug|Any CPU
		{E5A06B08-3981-4684-8691-8804564B7BF2}.Debug|Any CPU.Build.0 = Debug|Any CPU
		{E5A06B08-3981-4684-8691-8804564B7BF2}.Release|Any CPU.ActiveCfg = Release|Any CPU
		{E5A06B08-3981-4684-8691-8804564B7BF2}.Release|Any CPU.Build.0 = Release|Any CPU
		{67DB4A04-8CAD-4681-8EA0-B8D3BA1CA5EB}.Debug|Any CPU.ActiveCfg = Debug|Any CPU
		{67DB4A04-8CAD-4681-8EA0-B8D3BA1CA5EB}.Debug|Any CPU.Build.0 = Debug|Any CPU
		{67DB4A04-8CAD-4681-8EA0-B8D3BA1CA5EB}.Release|Any CPU.ActiveCfg = Release|Any CPU
		{67DB4A04-8CAD-4681-8EA0-B8D3BA1CA5EB}.Release|Any CPU.Build.0 = Release|Any CPU
	EndGlobalSection
	GlobalSection(SolutionProperties) = preSolution
		HideSolutionNode = FALSE
	EndGlobalSection
	GlobalSection(ExtensibilityGlobals) = postSolution
		SolutionGuid = {BA359842-871B-402D-9C24-7DC0C9A2978B}
	EndGlobalSection
EndGlobal
